
Microsoft Visual Studio Solution File, Format Version 12.00
# Visual Studio 15
VisualStudioVersion = 15.0.28307.136
MinimumVisualStudioVersion = 10.0.40219.1
Project("{FAE04EC0-301F-11D3-BF4B-00C04F79EFBC}") = "SSConnectTest", "SSConnectTest\SSConnectTest.csproj", "{5B7AE588-4234-4E70-9CEB-05D7A1AE93DF}"
EndProject
Global
	GlobalSection(SolutionConfigurationPlatforms) = preSolution
		Debug|Any CPU = Debug|Any CPU
		Release|Any CPU = Release|Any CPU
	EndGlobalSection
	GlobalSection(ProjectConfigurationPlatforms) = postSolution
		{5B7AE588-4234-4E70-9CEB-05D7A1AE93DF}.Debug|Any CPU.ActiveCfg = Debug|Any CPU
		{5B7AE588-4234-4E70-9CEB-05D7A1AE93DF}.Debug|Any CPU.Build.0 = Debug|Any CPU
		{5B7AE588-4234-4E70-9CEB-05D7A1AE93DF}.Release|Any CPU.ActiveCfg = Release|Any CPU
		{5B7AE588-4234-4E70-9CEB-05D7A1AE93DF}.Release|Any CPU.Build.0 = Release|Any CPU
	EndGlobalSection
	GlobalSection(SolutionProperties) = preSolution
		HideSolutionNode = FALSE
	EndGlobalSection
	GlobalSection(ExtensibilityGlobals) = postSolution
		SolutionGuid = {E1D2A437-6D1F-4962-B084-603E9CF1E609}
	EndGlobalSection
EndGlobal
